
Microsoft Visual Studio Solution File, Format Version 12.00
# Visual Studio Version 17
VisualStudioVersion = 17.9.34728.123
MinimumVisualStudioVersion = 10.0.40219.1
Project("{9A19103F-16F7-4668-BE54-9A1E7A4F7556}") = "importacionmasiva.api.net", "importacionmasiva.api.net.csproj", "{C85ABA77-66EA-4E39-BBAA-53BC61E43028}"
EndProject
Global
	GlobalSection(SolutionConfigurationPlatforms) = preSolution
		Debug|Any CPU = Debug|Any CPU
		Release|Any CPU = Release|Any CPU
	EndGlobalSection
	GlobalSection(ProjectConfigurationPlatforms) = postSolution
		{C85ABA77-66EA-4E39-BBAA-53BC61E43028}.Debug|Any CPU.ActiveCfg = Debug|Any CPU
		{C85ABA77-66EA-4E39-BBAA-53BC61E43028}.Debug|Any CPU.Build.0 = Debug|Any CPU
		{C85ABA77-66EA-4E39-BBAA-53BC61E43028}.Release|Any CPU.ActiveCfg = Release|Any CPU
		{C85ABA77-66EA-4E39-BBAA-53BC61E43028}.Release|Any CPU.Build.0 = Release|Any CPU
	EndGlobalSection
	GlobalSection(SolutionProperties) = preSolution
		HideSolutionNode = FALSE
	EndGlobalSection
	GlobalSection(ExtensibilityGlobals) = postSolution
		SolutionGuid = {BFF28C8C-CF57-4E90-84AE-B053A0F250B1}
	EndGlobalSection
EndGlobal
